// !$*UTF8*$!
{
	archiveVersion = 1;
	classes = {
	};
	objectVersion = 55;
	objects = {

/* Begin PBXBuildFile section */
		CB581DBE28B1BBD4005A88A8 /* AppDelegate.swift in Sources */ = {isa = PBXBuildFile; fileRef = CB581DBD28B1BBD4005A88A8 /* AppDelegate.swift */; };
		CB581DC028B1BBD4005A88A8 /* GameScene.sks in Resources */ = {isa = PBXBuildFile; fileRef = CB581DBF28B1BBD4005A88A8 /* GameScene.sks */; };
		CB581DC428B1BBD4005A88A8 /* GameScene.swift in Sources */ = {isa = PBXBuildFile; fileRef = CB581DC328B1BBD4005A88A8 /* GameScene.swift */; };
		CB581DC628B1BBD4005A88A8 /* GameViewController.swift in Sources */ = {isa = PBXBuildFile; fileRef = CB581DC528B1BBD4005A88A8 /* GameViewController.swift */; };
		CB581DC928B1BBD4005A88A8 /* Main.storyboard in Resources */ = {isa = PBXBuildFile; fileRef = CB581DC728B1BBD4005A88A8 /* Main.storyboard */; };
		CB581DCB28B1BBD9005A88A8 /* Assets.xcassets in Resources */ = {isa = PBXBuildFile; fileRef = CB581DCA28B1BBD9005A88A8 /* Assets.xcassets */; };
		CB581DCE28B1BBD9005A88A8 /* LaunchScreen.storyboard in Resources */ = {isa = PBXBuildFile; fileRef = CB581DCC28B1BBD9005A88A8 /* LaunchScreen.storyboard */; };
		CBB0713328C6B55700C63970 /* FireParticles.sks in Resources */ = {isa = PBXBuildFile; fileRef = CBB0713228C6B55700C63970 /* FireParticles.sks */; };
/* End PBXBuildFile section */

/* Begin PBXFileReference section */
		CB581DBA28B1BBD4005A88A8 /* 11 Pachinko.app */ = {isa = PBXFileReference; explicitFileType = wrapper.application; includeInIndex = 0; path = "11 Pachinko.app"; sourceTree = BUILT_PRODUCTS_DIR; };
		CB581DBD28B1BBD4005A88A8 /* AppDelegate.swift */ = {isa = PBXFileReference; lastKnownFileType = sourcecode.swift; path = AppDelegate.swift; sourceTree = "<group>"; };
		CB581DBF28B1BBD4005A88A8 /* GameScene.sks */ = {isa = PBXFileReference; lastKnownFileType = file.sks; path = GameScene.sks; sourceTree = "<group>"; };
		CB581DC328B1BBD4005A88A8 /* GameScene.swift */ = {isa = PBXFileReference; lastKnownFileType = sourcecode.swift; path = GameScene.swift; sourceTree = "<group>"; };
		CB581DC528B1BBD4005A88A8 /* GameViewController.swift */ = {isa = PBXFileReference; lastKnownFileType = sourcecode.swift; path = GameViewController.swift; sourceTree = "<group>"; };
		CB581DC828B1BBD4005A88A8 /* Base */ = {isa = PBXFileReference; lastKnownFileType = file.storyboard; name = Base; path = Base.lproj/Main.storyboard; sourceTree = "<group>"; };
		CB581DCA28B1BBD9005A88A8 /* Assets.xcassets */ = {isa = PBXFileReference; lastKnownFileType = folder.assetcatalog; path = Assets.xcassets; sourceTree = "<group>"; };
		CB581DCD28B1BBD9005A88A8 /* Base */ = {isa = PBXFileReference; lastKnownFileType = file.storyboard; name = Base; path = Base.lproj/LaunchScreen.storyboard; sourceTree = "<group>"; };
		CBB0713228C6B55700C63970 /* FireParticles.sks */ = {isa = PBXFileReference; lastKnownFileType = file.sks; name = FireParticles.sks; path = "../../../../HackingWithSwift-main/Classic/project11-files/Content/FireParticles.sks"; sourceTree = "<group>"; };
/* End PBXFileReference section */

/* Begin PBXFrameworksBuildPhase section */
		CB581DB728B1BBD4005A88A8 /* Frameworks */ = {
			isa = PBXFrameworksBuildPhase;
			buildActionMask = 2147483647;
			files = (
			);
			runOnlyForDeploymentPostprocessing = 0;
		};
/* End PBXFrameworksBuildPhase section */

/* Begin PBXGroup section */
		CB581DB128B1BBD4005A88A8 = {
			isa = PBXGroup;
			children = (
				CB581DBC28B1BBD4005A88A8 /* 11 Pachinko */,
				CB581DBB28B1BBD4005A88A8 /* Products */,
			);
			sourceTree = "<group>";
		};
		CB581DBB28B1BBD4005A88A8 /* Products */ = {
			isa = PBXGroup;
			children = (
				CB581DBA28B1BBD4005A88A8 /* 11 Pachinko.app */,
			);
			name = Products;
			sourceTree = "<group>";
		};
		CB581DBC28B1BBD4005A88A8 /* 11 Pachinko */ = {
			isa = PBXGroup;
			children = (
				CB581DBD28B1BBD4005A88A8 /* AppDelegate.swift */,
				CB581DBF28B1BBD4005A88A8 /* GameScene.sks */,
				CB581DC328B1BBD4005A88A8 /* GameScene.swift */,
				CB581DC528B1BBD4005A88A8 /* GameViewController.swift */,
				CB581DC728B1BBD4005A88A8 /* Main.storyboard */,
				CB581DCA28B1BBD9005A88A8 /* Assets.xcassets */,
				CBB0713228C6B55700C63970 /* FireParticles.sks */,
				CB581DCC28B1BBD9005A88A8 /* LaunchScreen.storyboard */,
			);
			path = "11 Pachinko";
			sourceTree = "<group>";
		};
/* End PBXGroup section */

/* Begin PBXNativeTarget section */
		CB581DB928B1BBD4005A88A8 /* 11 Pachinko */ = {
			isa = PBXNativeTarget;
			buildConfigurationList = CB581DD128B1BBD9005A88A8 /* Build configuration list for PBXNativeTarget "11 Pachinko" */;
			buildPhases = (
				CB581DB628B1BBD4005A88A8 /* Sources */,
				CB581DB728B1BBD4005A88A8 /* Frameworks */,
				CB581DB828B1BBD4005A88A8 /* Resources */,
			);
			buildRules = (
			);
			dependencies = (
			);
			name = "11 Pachinko";
			productName = "11 Pachinko";
			productReference = CB581DBA28B1BBD4005A88A8 /* 11 Pachinko.app */;
			productType = "com.apple.product-type.application";
		};
/* End PBXNativeTarget section */

/* Begin PBXProject section */
		CB581DB228B1BBD4005A88A8 /* Project object */ = {
			isa = PBXProject;
			attributes = {
				BuildIndependentTargetsInParallel = 1;
				LastSwiftUpdateCheck = 1340;
				LastUpgradeCheck = 1340;
				TargetAttributes = {
					CB581DB928B1BBD4005A88A8 = {
						CreatedOnToolsVersion = 13.4.1;
					};
				};
			};
			buildConfigurationList = CB581DB528B1BBD4005A88A8 /* Build configuration list for PBXProject "11 Pachinko" */;
			compatibilityVersion = "Xcode 13.0";
			developmentRegion = en;
			hasScannedForEncodings = 0;
			knownRegions = (
				en,
				Base,
			);
			mainGroup = CB581DB128B1BBD4005A88A8;
			productRefGroup = CB581DBB28B1BBD4005A88A8 /* Products */;
			projectDirPath = "";
			projectRoot = "";
			targets = (
				CB581DB928B1BBD4005A88A8 /* 11 Pachinko */,
			);
		};
/* End PBXProject section */

/* Begin PBXResourcesBuildPhase section */
		CB581DB828B1BBD4005A88A8 /* Resources */ = {
			isa = PBXResourcesBuildPhase;
			buildActionMask = 2147483647;
			files = (
				CB581DC928B1BBD4005A88A8 /* Main.storyboard in Resources */,
				CB581DC028B1BBD4005A88A8 /* GameScene.sks in Resources */,
				CBB0713328C6B55700C63970 /* FireParticles.sks in Resources */,
				CB581DCB28B1BBD9005A88A8 /* Assets.xcassets in Resources */,
				CB581DCE28B1BBD9005A88A8 /* LaunchScreen.storyboard in Resources */,
			);
			runOnlyForDeploymentPostprocessing = 0;
		};
/* End PBXResourcesBuildPhase section */

/* Begin PBXSourcesBuildPhase section */
		CB581DB628B1BBD4005A88A8 /* Sources */ = {
			isa = PBXSourcesBuildPhase;
			buildActionMask = 2147483647;
			files = (
				CB581DC428B1BBD4005A88A8 /* GameScene.swift in Sources */,
				CB581DC628B1BBD4005A88A8 /* GameViewController.swift in Sources */,
				CB581DBE28B1BBD4005A88A8 /* AppDelegate.swift in Sources */,
			);
			runOnlyForDeploymentPostprocessing = 0;
		};
/* End PBXSourcesBuildPhase section */

/* Begin PBXVariantGroup section */
		CB581DC728B1BBD4005A88A8 /* Main.storyboard */ = {
			isa = PBXVariantGroup;
			children = (
				CB581DC828B1BBD4005A88A8 /* Base */,
			);
			name = Main.storyboard;
			sourceTree = "<group>";
		};
		CB581DCC28B1BBD9005A88A8 /* LaunchScreen.storyboard */ = {
			isa = PBXVariantGroup;
			children = (
				CB581DCD28B1BBD9005A88A8 /* Base */,
			);
			name = LaunchScreen.storyboard;
			sourceTree = "<group>";
		};
/* End PBXVariantGroup section */

/* Begin XCBuildConfiguration section */
		CB581DCF28B1BBD9005A88A8 /* Debug */ = {
			isa = XCBuildConfiguration;
			buildSettings = {
				ALWAYS_SEARCH_USER_PATHS = NO;
				CLANG_ANALYZER_NONNULL = YES;
				CLANG_ANALYZER_NUMBER_OBJECT_CONVERSION = YES_AGGRESSIVE;
				CLANG_CXX_LANGUAGE_STANDARD = "gnu++17";
				CLANG_ENABLE_MODULES = YES;
				CLANG_ENABLE_OBJC_ARC = YES;
				CLANG_ENABLE_OBJC_WEAK = YES;
				CLANG_WARN_BLOCK_CAPTURE_AUTORELEASING = YES;
				CLANG_WARN_BOOL_CONVERSION = YES;
				CLANG_WARN_COMMA = YES;
				CLANG_WARN_CONSTANT_CONVERSION = YES;
				CLANG_WARN_DEPRECATED_OBJC_IMPLEMENTATIONS = YES;
				CLANG_WARN_DIRECT_OBJC_ISA_USAGE = YES_ERROR;
				CLANG_WARN_DOCUMENTATION_COMMENTS = YES;
				CLANG_WARN_EMPTY_BODY = YES;
				CLANG_WARN_ENUM_CONVERSION = YES;
				CLANG_WARN_INFINITE_RECURSION = YES;
				CLANG_WARN_INT_CONVERSION = YES;
				CLANG_WARN_NON_LITERAL_NULL_CONVERSION = YES;
				CLANG_WARN_OBJC_IMPLICIT_RETAIN_SELF = YES;
				CLANG_WARN_OBJC_LITERAL_CONVERSION = YES;
				CLANG_WARN_OBJC_ROOT_CLASS = YES_ERROR;
				CLANG_WARN_QUOTED_INCLUDE_IN_FRAMEWORK_HEADER = YES;
				CLANG_WARN_RANGE_LOOP_ANALYSIS = YES;
				CLANG_WARN_STRICT_PROTOTYPES = YES;
				CLANG_WARN_SUSPICIOUS_MOVE = YES;
				CLANG_WARN_UNGUARDED_AVAILABILITY = YES_AGGRESSIVE;
				CLANG_WARN_UNREACHABLE_CODE = YES;
				CLANG_WARN__DUPLICATE_METHOD_MATCH = YES;
				COPY_PHASE_STRIP = NO;
				DEBUG_INFORMATION_FORMAT = dwarf;
				ENABLE_STRICT_OBJC_MSGSEND = YES;
				ENABLE_TESTABILITY = YES;
				GCC_C_LANGUAGE_STANDARD = gnu11;
				GCC_DYNAMIC_NO_PIC = NO;
				GCC_NO_COMMON_BLOCKS = YES;
				GCC_OPTIMIZATION_LEVEL = 0;
				GCC_PREPROCESSOR_DEFINITIONS = (
					"DEBUG=1",
					"$(inherited)",
				);
				GCC_WARN_64_TO_32_BIT_CONVERSION = YES;
				GCC_WARN_ABOUT_RETURN_TYPE = YES_ERROR;
				GCC_WARN_UNDECLARED_SELECTOR = YES;
				GCC_WARN_UNINITIALIZED_AUTOS = YES_AGGRESSIVE;
				GCC_WARN_UNUSED_FUNCTION = YES;
				GCC_WARN_UNUSED_VARIABLE = YES;
				IPHONEOS_DEPLOYMENT_TARGET = 15.5;
				MTL_ENABLE_DEBUG_INFO = INCLUDE_SOURCE;
				MTL_FAST_MATH = YES;
				ONLY_ACTIVE_ARCH = YES;
				SDKROOT = iphoneos;
				SWIFT_ACTIVE_COMPILATION_CONDITIONS = DEBUG;
				SWIFT_OPTIMIZATION_LEVEL = "-Onone";
			};
			name = Debug;
		};
		CB581DD028B1BBD9005A88A8 /* Release */ = {
			isa = XCBuildConfiguration;
			buildSettings = {
				ALWAYS_SEARCH_USER_PATHS = NO;
				CLANG_ANALYZER_NONNULL = YES;
				CLANG_ANALYZER_NUMBER_OBJECT_CONVERSION = YES_AGGRESSIVE;
				CLANG_CXX_LANGUAGE_STANDARD = "gnu++17";
				CLANG_ENABLE_MODULES = YES;
				CLANG_ENABLE_OBJC_ARC = YES;
				CLANG_ENABLE_OBJC_WEAK = YES;
				CLANG_WARN_BLOCK_CAPTURE_AUTORELEASING = YES;
				CLANG_WARN_BOOL_CONVERSION = YES;
				CLANG_WARN_COMMA = YES;
				CLANG_WARN_CONSTANT_CONVERSION = YES;
				CLANG_WARN_DEPRECATED_OBJC_IMPLEMENTATIONS = YES;
				CLANG_WARN_DIRECT_OBJC_ISA_USAGE = YES_ERROR;
				CLANG_WARN_DOCUMENTATION_COMMENTS = YES;
				CLANG_WARN_EMPTY_BODY = YES;
				CLANG_WARN_ENUM_CONVERSION = YES;
				CLANG_WARN_INFINITE_RECURSION = YES;
				CLANG_WARN_INT_CONVERSION = YES;
				CLANG_WARN_NON_LITERAL_NULL_CONVERSION = YES;
				CLANG_WARN_OBJC_IMPLICIT_RETAIN_SELF = YES;
				CLANG_WARN_OBJC_LITERAL_CONVERSION = YES;
				CLANG_WARN_OBJC_ROOT_CLASS = YES_ERROR;
				CLANG_WARN_QUOTED_INCLUDE_IN_FRAMEWORK_HEADER = YES;
				CLANG_WARN_RANGE_LOOP_ANALYSIS = YES;
				CLANG_WARN_STRICT_PROTOTYPES = YES;
				CLANG_WARN_SUSPICIOUS_MOVE = YES;
				CLANG_WARN_UNGUARDED_AVAILABILITY = YES_AGGRESSIVE;
				CLANG_WARN_UNREACHABLE_CODE = YES;
				CLANG_WARN__DUPLICATE_METHOD_MATCH = YES;
				COPY_PHASE_STRIP = NO;
				DEBUG_INFORMATION_FORMAT = "dwarf-with-dsym";
				ENABLE_NS_ASSERTIONS = NO;
				ENABLE_STRICT_OBJC_MSGSEND = YES;
				GCC_C_LANGUAGE_STANDARD = gnu11;
				GCC_NO_COMMON_BLOCKS = YES;
				GCC_WARN_64_TO_32_BIT_CONVERSION = YES;
				GCC_WARN_ABOUT_RETURN_TYPE = YES_ERROR;
				GCC_WARN_UNDECLARED_SELECTOR = YES;
				GCC_WARN_UNINITIALIZED_AUTOS = YES_AGGRESSIVE;
				GCC_WARN_UNUSED_FUNCTION = YES;
				GCC_WARN_UNUSED_VARIABLE = YES;
				IPHONEOS_DEPLOYMENT_TARGET = 15.5;
				MTL_ENABLE_DEBUG_INFO = NO;
				MTL_FAST_MATH = YES;
				SDKROOT = iphoneos;
				SWIFT_COMPILATION_MODE = wholemodule;
				SWIFT_OPTIMIZATION_LEVEL = "-O";
				VALIDATE_PRODUCT = YES;
			};
			name = Release;
		};
		CB581DD228B1BBD9005A88A8 /* Debug */ = {
			isa = XCBuildConfiguration;
			buildSettings = {
				ASSETCATALOG_COMPILER_APPICON_NAME = AppIcon;
				ASSETCATALOG_COMPILER_GLOBAL_ACCENT_COLOR_NAME = AccentColor;
				CODE_SIGN_STYLE = Automatic;
				CURRENT_PROJECT_VERSION = 1;
				DEVELOPMENT_TEAM = H9FH2ZG56G;
				GENERATE_INFOPLIST_FILE = YES;
				INFOPLIST_KEY_UIApplicationSupportsIndirectInputEvents = YES;
				INFOPLIST_KEY_UILaunchStoryboardName = LaunchScreen;
				INFOPLIST_KEY_UIMainStoryboardFile = Main;
				INFOPLIST_KEY_UIStatusBarHidden = YES;
				INFOPLIST_KEY_UISupportedInterfaceOrientations_iPad = "UIInterfaceOrientationLandscapeLeft UIInterfaceOrientationLandscapeRight";
				INFOPLIST_KEY_UISupportedInterfaceOrientations_iPhone = "UIInterfaceOrientationPortrait UIInterfaceOrientationLandscapeLeft UIInterfaceOrientationLandscapeRight";
				LD_RUNPATH_SEARCH_PATHS = (
					"$(inherited)",
					"@executable_path/Frameworks",
				);
				MARKETING_VERSION = 1.0;
				PRODUCT_BUNDLE_IDENTIFIER = "com.taha-Saleh.testing.-1-Pachinko";
				PRODUCT_NAME = "$(TARGET_NAME)";
				SWIFT_EMIT_LOC_STRINGS = YES;
				SWIFT_VERSION = 5.0;
				TARGETED_DEVICE_FAMILY = 2;
			};
			name = Debug;
		};
		CB581DD328B1BBD9005A88A8 /* Release */ = {
			isa = XCBuildConfiguration;
			buildSettings = {
				ASSETCATALOG_COMPILER_APPICON_NAME = AppIcon;
				ASSETCATALOG_COMPILER_GLOBAL_ACCENT_COLOR_NAME = AccentColor;
				CODE_SIGN_STYLE = Automatic;
				CURRENT_PROJECT_VERSION = 1;
				DEVELOPMENT_TEAM = H9FH2ZG56G;
				GENERATE_INFOPLIST_FILE = YES;
				INFOPLIST_KEY_UIApplicationSupportsIndirectInputEvents = YES;
				INFOPLIST_KEY_UILaunchStoryboardName = LaunchScreen;
				INFOPLIST_KEY_UIMainStoryboardFile = Main;
				INFOPLIST_KEY_UIStatusBarHidden = YES;
				INFOPLIST_KEY_UISupportedInterfaceOrientations_iPad = "UIInterfaceOrientationLandscapeLeft UIInterfaceOrientationLandscapeRight";
				INFOPLIST_KEY_UISupportedInterfaceOrientations_iPhone = "UIInterfaceOrientationPortrait UIInterfaceOrientationLandscapeLeft UIInterfaceOrientationLandscapeRight";
				LD_RUNPATH_SEARCH_PATHS = (
					"$(inherited)",
					"@executable_path/Frameworks",
				);
				MARKETING_VERSION = 1.0;
				PRODUCT_BUNDLE_IDENTIFIER = "com.taha-Saleh.testing.-1-Pachinko";
				PRODUCT_NAME = "$(TARGET_NAME)";
				SWIFT_EMIT_LOC_STRINGS = YES;
				SWIFT_VERSION = 5.0;
				TARGETED_DEVICE_FAMILY = 2;
			};
			name = Release;
		};
/* End XCBuildConfiguration section */

/* Begin XCConfigurationList section */
		CB581DB528B1BBD4005A88A8 /* Build configuration list for PBXProject "11 Pachinko" */ = {
			isa = XCConfigurationList;
			buildConfigurations = (
				CB581DCF28B1BBD9005A88A8 /* Debug */,
				CB581DD028B1BBD9005A88A8 /* Release */,
			);
			defaultConfigurationIsVisible = 0;
			defaultConfigurationName = Release;
		};
		CB581DD128B1BBD9005A88A8 /* Build configuration list for PBXNativeTarget "11 Pachinko" */ = {
			isa = XCConfigurationList;
			buildConfigurations = (
				CB581DD228B1BBD9005A88A8 /* Debug */,
				CB581DD328B1BBD9005A88A8 /* Release */,
			);
			defaultConfigurationIsVisible = 0;
			defaultConfigurationName = Release;
		};
/* End XCConfigurationList section */
	};
	rootObject = CB581DB228B1BBD4005A88A8 /* Project object */;
}
